// !$*UTF8*$!
{
	archiveVersion = 1;
	classes = {
	};
	objectVersion = 55;
	objects = {

/* Begin PBXBuildFile section */
		3FC7F02A281F506500552E6A /* GoogleService-Info.plist in Resources */ = {isa = PBXBuildFile; fileRef = 3FC7F029281F506500552E6A /* GoogleService-Info.plist */; };
		3FFACCB527FF90CF0092CF3D /* AppDelegate.swift in Sources */ = {isa = PBXBuildFile; fileRef = 3FFACCB427FF90CF0092CF3D /* AppDelegate.swift */; };
		3FFACCB727FF90CF0092CF3D /* SceneDelegate.swift in Sources */ = {isa = PBXBuildFile; fileRef = 3FFACCB627FF90CF0092CF3D /* SceneDelegate.swift */; };
		3FFACCB927FF90CF0092CF3D /* LoginViewController.swift in Sources */ = {isa = PBXBuildFile; fileRef = 3FFACCB827FF90CF0092CF3D /* LoginViewController.swift */; };
		3FFACCBC27FF90CF0092CF3D /* Main.storyboard in Resources */ = {isa = PBXBuildFile; fileRef = 3FFACCBA27FF90CF0092CF3D /* Main.storyboard */; };
		3FFACCBE27FF90D10092CF3D /* Assets.xcassets in Resources */ = {isa = PBXBuildFile; fileRef = 3FFACCBD27FF90D10092CF3D /* Assets.xcassets */; };
		3FFACCC127FF90D10092CF3D /* LaunchScreen.storyboard in Resources */ = {isa = PBXBuildFile; fileRef = 3FFACCBF27FF90D10092CF3D /* LaunchScreen.storyboard */; };
		3FFACCCC27FF90D10092CF3D /* TicketRaisingAppTests.swift in Sources */ = {isa = PBXBuildFile; fileRef = 3FFACCCB27FF90D10092CF3D /* TicketRaisingAppTests.swift */; };
		3FFACCD627FF90D10092CF3D /* TicketRaisingAppUITests.swift in Sources */ = {isa = PBXBuildFile; fileRef = 3FFACCD527FF90D10092CF3D /* TicketRaisingAppUITests.swift */; };
		3FFACCD827FF90D10092CF3D /* TicketRaisingAppUITestsLaunchTests.swift in Sources */ = {isa = PBXBuildFile; fileRef = 3FFACCD727FF90D10092CF3D /* TicketRaisingAppUITestsLaunchTests.swift */; };
		3FFACCE527FF99E20092CF3D /* SignupViewController.swift in Sources */ = {isa = PBXBuildFile; fileRef = 3FFACCE427FF99E20092CF3D /* SignupViewController.swift */; };
		3FFACCE727FF99FB0092CF3D /* HomeViewController.swift in Sources */ = {isa = PBXBuildFile; fileRef = 3FFACCE627FF99FB0092CF3D /* HomeViewController.swift */; };
		3FFACCE927FF9A1E0092CF3D /* RaiseTicketViewController.swift in Sources */ = {isa = PBXBuildFile; fileRef = 3FFACCE827FF9A1E0092CF3D /* RaiseTicketViewController.swift */; };
		3FFACCEB27FF9A400092CF3D /* ShowTicketViewController.swift in Sources */ = {isa = PBXBuildFile; fileRef = 3FFACCEA27FF9A400092CF3D /* ShowTicketViewController.swift */; };
		3FFCCA05281F205A00BBCA8F /* TicketDetailViewController.swift in Sources */ = {isa = PBXBuildFile; fileRef = 3FFCCA04281F205A00BBCA8F /* TicketDetailViewController.swift */; };
/* End PBXBuildFile section */

/* Begin PBXContainerItemProxy section */
		3FFACCC827FF90D10092CF3D /* PBXContainerItemProxy */ = {
			isa = PBXContainerItemProxy;
			containerPortal = 3FFACCA927FF90CF0092CF3D /* Project object */;
			proxyType = 1;
			remoteGlobalIDString = 3FFACCB027FF90CF0092CF3D;
			remoteInfo = TicketRaisingApp;
		};
		3FFACCD227FF90D10092CF3D /* PBXContainerItemProxy */ = {
			isa = PBXContainerItemProxy;
			containerPortal = 3FFACCA927FF90CF0092CF3D /* Project object */;
			proxyType = 1;
			remoteGlobalIDString = 3FFACCB027FF90CF0092CF3D;
			remoteInfo = TicketRaisingApp;
		};
/* End PBXContainerItemProxy section */

/* Begin PBXFileReference section */
		3FC7F029281F506500552E6A /* GoogleService-Info.plist */ = {isa = PBXFileReference; fileEncoding = 4; lastKnownFileType = text.plist.xml; path = "GoogleService-Info.plist"; sourceTree = "<group>"; };
		3FFACCB127FF90CF0092CF3D /* TicketRaisingApp.app */ = {isa = PBXFileReference; explicitFileType = wrapper.application; includeInIndex = 0; path = TicketRaisingApp.app; sourceTree = BUILT_PRODUCTS_DIR; };
		3FFACCB427FF90CF0092CF3D /* AppDelegate.swift */ = {isa = PBXFileReference; lastKnownFileType = sourcecode.swift; path = AppDelegate.swift; sourceTree = "<group>"; };
		3FFACCB627FF90CF0092CF3D /* SceneDelegate.swift */ = {isa = PBXFileReference; lastKnownFileType = sourcecode.swift; path = SceneDelegate.swift; sourceTree = "<group>"; };
		3FFACCB827FF90CF0092CF3D /* LoginViewController.swift */ = {isa = PBXFileReference; lastKnownFileType = sourcecode.swift; path = LoginViewController.swift; sourceTree = "<group>"; };
		3FFACCBB27FF90CF0092CF3D /* Base */ = {isa = PBXFileReference; lastKnownFileType = file.storyboard; name = Base; path = Base.lproj/Main.storyboard; sourceTree = "<group>"; };
		3FFACCBD27FF90D10092CF3D /* Assets.xcassets */ = {isa = PBXFileReference; lastKnownFileType = folder.assetcatalog; path = Assets.xcassets; sourceTree = "<group>"; };
		3FFACCC027FF90D10092CF3D /* Base */ = {isa = PBXFileReference; lastKnownFileType = file.storyboard; name = Base; path = Base.lproj/LaunchScreen.storyboard; sourceTree = "<group>"; };
		3FFACCC227FF90D10092CF3D /* Info.plist */ = {isa = PBXFileReference; lastKnownFileType = text.plist.xml; path = Info.plist; sourceTree = "<group>"; };
		3FFACCC727FF90D10092CF3D /* TicketRaisingAppTests.xctest */ = {isa = PBXFileReference; explicitFileType = wrapper.cfbundle; includeInIndex = 0; path = TicketRaisingAppTests.xctest; sourceTree = BUILT_PRODUCTS_DIR; };
		3FFACCCB27FF90D10092CF3D /* TicketRaisingAppTests.swift */ = {isa = PBXFileReference; lastKnownFileType = sourcecode.swift; path = TicketRaisingAppTests.swift; sourceTree = "<group>"; };
		3FFACCD127FF90D10092CF3D /* TicketRaisingAppUITests.xctest */ = {isa = PBXFileReference; explicitFileType = wrapper.cfbundle; includeInIndex = 0; path = TicketRaisingAppUITests.xctest; sourceTree = BUILT_PRODUCTS_DIR; };
		3FFACCD527FF90D10092CF3D /* TicketRaisingAppUITests.swift */ = {isa = PBXFileReference; lastKnownFileType = sourcecode.swift; path = TicketRaisingAppUITests.swift; sourceTree = "<group>"; };
		3FFACCD727FF90D10092CF3D /* TicketRaisingAppUITestsLaunchTests.swift */ = {isa = PBXFileReference; lastKnownFileType = sourcecode.swift; path = TicketRaisingAppUITestsLaunchTests.swift; sourceTree = "<group>"; };
		3FFACCE427FF99E20092CF3D /* SignupViewController.swift */ = {isa = PBXFileReference; lastKnownFileType = sourcecode.swift; path = SignupViewController.swift; sourceTree = "<group>"; };
		3FFACCE627FF99FB0092CF3D /* HomeViewController.swift */ = {isa = PBXFileReference; lastKnownFileType = sourcecode.swift; path = HomeViewController.swift; sourceTree = "<group>"; };
		3FFACCE827FF9A1E0092CF3D /* RaiseTicketViewController.swift */ = {isa = PBXFileReference; lastKnownFileType = sourcecode.swift; path = RaiseTicketViewController.swift; sourceTree = "<group>"; };
		3FFACCEA27FF9A400092CF3D /* ShowTicketViewController.swift */ = {isa = PBXFileReference; lastKnownFileType = sourcecode.swift; path = ShowTicketViewController.swift; sourceTree = "<group>"; };
		3FFCCA04281F205A00BBCA8F /* TicketDetailViewController.swift */ = {isa = PBXFileReference; lastKnownFileType = sourcecode.swift; path = TicketDetailViewController.swift; sourceTree = "<group>"; };
/* End PBXFileReference section */

/* Begin PBXFrameworksBuildPhase section */
		3FFACCAE27FF90CF0092CF3D /* Frameworks */ = {
			isa = PBXFrameworksBuildPhase;
			buildActionMask = 2147483647;
			files = (
			);
			runOnlyForDeploymentPostprocessing = 0;
		};
		3FFACCC427FF90D10092CF3D /* Frameworks */ = {
			isa = PBXFrameworksBuildPhase;
			buildActionMask = 2147483647;
			files = (
			);
			runOnlyForDeploymentPostprocessing = 0;
		};
		3FFACCCE27FF90D10092CF3D /* Frameworks */ = {
			isa = PBXFrameworksBuildPhase;
			buildActionMask = 2147483647;
			files = (
			);
			runOnlyForDeploymentPostprocessing = 0;
		};
/* End PBXFrameworksBuildPhase section */

/* Begin PBXGroup section */
		3FFACCA827FF90CF0092CF3D = {
			isa = PBXGroup;
			children = (
				3FFACCB327FF90CF0092CF3D /* TicketRaisingApp */,
				3FFACCCA27FF90D10092CF3D /* TicketRaisingAppTests */,
				3FFACCD427FF90D10092CF3D /* TicketRaisingAppUITests */,
				3FFACCB227FF90CF0092CF3D /* Products */,
			);
			sourceTree = "<group>";
		};
		3FFACCB227FF90CF0092CF3D /* Products */ = {
			isa = PBXGroup;
			children = (
				3FFACCB127FF90CF0092CF3D /* TicketRaisingApp.app */,
				3FFACCC727FF90D10092CF3D /* TicketRaisingAppTests.xctest */,
				3FFACCD127FF90D10092CF3D /* TicketRaisingAppUITests.xctest */,
			);
			name = Products;
			sourceTree = "<group>";
		};
		3FFACCB327FF90CF0092CF3D /* TicketRaisingApp */ = {
			isa = PBXGroup;
			children = (
				3FFACCB427FF90CF0092CF3D /* AppDelegate.swift */,
				3FFACCB627FF90CF0092CF3D /* SceneDelegate.swift */,
				3FFACCB827FF90CF0092CF3D /* LoginViewController.swift */,
				3FFACCBA27FF90CF0092CF3D /* Main.storyboard */,
				3FFACCBD27FF90D10092CF3D /* Assets.xcassets */,
				3FFACCBF27FF90D10092CF3D /* LaunchScreen.storyboard */,
				3FFACCC227FF90D10092CF3D /* Info.plist */,
				3FC7F029281F506500552E6A /* GoogleService-Info.plist */,
				3FFACCE427FF99E20092CF3D /* SignupViewController.swift */,
				3FFACCE627FF99FB0092CF3D /* HomeViewController.swift */,
				3FFACCE827FF9A1E0092CF3D /* RaiseTicketViewController.swift */,
				3FFACCEA27FF9A400092CF3D /* ShowTicketViewController.swift */,
				3FFCCA04281F205A00BBCA8F /* TicketDetailViewController.swift */,
			);
			path = TicketRaisingApp;
			sourceTree = "<group>";
		};
		3FFACCCA27FF90D10092CF3D /* TicketRaisingAppTests */ = {
			isa = PBXGroup;
			children = (
				3FFACCCB27FF90D10092CF3D /* TicketRaisingAppTests.swift */,
			);
			path = TicketRaisingAppTests;
			sourceTree = "<group>";
		};
		3FFACCD427FF90D10092CF3D /* TicketRaisingAppUITests */ = {
			isa = PBXGroup;
			children = (
				3FFACCD527FF90D10092CF3D /* TicketRaisingAppUITests.swift */,
				3FFACCD727FF90D10092CF3D /* TicketRaisingAppUITestsLaunchTests.swift */,
			);
			path = TicketRaisingAppUITests;
			sourceTree = "<group>";
		};
/* End PBXGroup section */

/* Begin PBXNativeTarget section */
		3FFACCB027FF90CF0092CF3D /* TicketRaisingApp */ = {
			isa = PBXNativeTarget;
			buildConfigurationList = 3FFACCDB27FF90D10092CF3D /* Build configuration list for PBXNativeTarget "TicketRaisingApp" */;
			buildPhases = (
				3FFACCAD27FF90CF0092CF3D /* Sources */,
				3FFACCAE27FF90CF0092CF3D /* Frameworks */,
				3FFACCAF27FF90CF0092CF3D /* Resources */,
			);
			buildRules = (
			);
			dependencies = (
			);
			name = TicketRaisingApp;
			productName = TicketRaisingApp;
			productReference = 3FFACCB127FF90CF0092CF3D /* TicketRaisingApp.app */;
			productType = "com.apple.product-type.application";
		};
		3FFACCC627FF90D10092CF3D /* TicketRaisingAppTests */ = {
			isa = PBXNativeTarget;
			buildConfigurationList = 3FFACCDE27FF90D10092CF3D /* Build configuration list for PBXNativeTarget "TicketRaisingAppTests" */;
			buildPhases = (
				3FFACCC327FF90D10092CF3D /* Sources */,
				3FFACCC427FF90D10092CF3D /* Frameworks */,
				3FFACCC527FF90D10092CF3D /* Resources */,
			);
			buildRules = (
			);
			dependencies = (
				3FFACCC927FF90D10092CF3D /* PBXTargetDependency */,
			);
			name = TicketRaisingAppTests;
			productName = TicketRaisingAppTests;
			productReference = 3FFACCC727FF90D10092CF3D /* TicketRaisingAppTests.xctest */;
			productType = "com.apple.product-type.bundle.unit-test";
		};
		3FFACCD027FF90D10092CF3D /* TicketRaisingAppUITests */ = {
			isa = PBXNativeTarget;
			buildConfigurationList = 3FFACCE127FF90D10092CF3D /* Build configuration list for PBXNativeTarget "TicketRaisingAppUITests" */;
			buildPhases = (
				3FFACCCD27FF90D10092CF3D /* Sources */,
				3FFACCCE27FF90D10092CF3D /* Frameworks */,
				3FFACCCF27FF90D10092CF3D /* Resources */,
			);
			buildRules = (
			);
			dependencies = (
				3FFACCD327FF90D10092CF3D /* PBXTargetDependency */,
			);
			name = TicketRaisingAppUITests;
			productName = TicketRaisingAppUITests;
			productReference = 3FFACCD127FF90D10092CF3D /* TicketRaisingAppUITests.xctest */;
			productType = "com.apple.product-type.bundle.ui-testing";
		};
/* End PBXNativeTarget section */

/* Begin PBXProject section */
		3FFACCA927FF90CF0092CF3D /* Project object */ = {
			isa = PBXProject;
			attributes = {
				BuildIndependentTargetsInParallel = 1;
				LastSwiftUpdateCheck = 1320;
				LastUpgradeCheck = 1320;
				TargetAttributes = {
					3FFACCB027FF90CF0092CF3D = {
						CreatedOnToolsVersion = 13.2.1;
					};
					3FFACCC627FF90D10092CF3D = {
						CreatedOnToolsVersion = 13.2.1;
						TestTargetID = 3FFACCB027FF90CF0092CF3D;
					};
					3FFACCD027FF90D10092CF3D = {
						CreatedOnToolsVersion = 13.2.1;
						TestTargetID = 3FFACCB027FF90CF0092CF3D;
					};
				};
			};
			buildConfigurationList = 3FFACCAC27FF90CF0092CF3D /* Build configuration list for PBXProject "TicketRaisingApp" */;
			compatibilityVersion = "Xcode 13.0";
			developmentRegion = en;
			hasScannedForEncodings = 0;
			knownRegions = (
				en,
				Base,
			);
			mainGroup = 3FFACCA827FF90CF0092CF3D;
			productRefGroup = 3FFACCB227FF90CF0092CF3D /* Products */;
			projectDirPath = "";
			projectRoot = "";
			targets = (
				3FFACCB027FF90CF0092CF3D /* TicketRaisingApp */,
				3FFACCC627FF90D10092CF3D /* TicketRaisingAppTests */,
				3FFACCD027FF90D10092CF3D /* TicketRaisingAppUITests */,
			);
		};
/* End PBXProject section */

/* Begin PBXResourcesBuildPhase section */
		3FFACCAF27FF90CF0092CF3D /* Resources */ = {
			isa = PBXResourcesBuildPhase;
			buildActionMask = 2147483647;
			files = (
				3FFACCC127FF90D10092CF3D /* LaunchScreen.storyboard in Resources */,
				3FC7F02A281F506500552E6A /* GoogleService-Info.plist in Resources */,
				3FFACCBE27FF90D10092CF3D /* Assets.xcassets in Resources */,
				3FFACCBC27FF90CF0092CF3D /* Main.storyboard in Resources */,
			);
			runOnlyForDeploymentPostprocessing = 0;
		};
		3FFACCC527FF90D10092CF3D /* Resources */ = {
			isa = PBXResourcesBuildPhase;
			buildActionMask = 2147483647;
			files = (
			);
			runOnlyForDeploymentPostprocessing = 0;
		};
		3FFACCCF27FF90D10092CF3D /* Resources */ = {
			isa = PBXResourcesBuildPhase;
			buildActionMask = 2147483647;
			files = (
			);
			runOnlyForDeploymentPostprocessing = 0;
		};
/* End PBXResourcesBuildPhase section */

/* Begin PBXSourcesBuildPhase section */
		3FFACCAD27FF90CF0092CF3D /* Sources */ = {
			isa = PBXSourcesBuildPhase;
			buildActionMask = 2147483647;
			files = (
				3FFACCE727FF99FB0092CF3D /* HomeViewController.swift in Sources */,
				3FFACCE927FF9A1E0092CF3D /* RaiseTicketViewController.swift in Sources */,
				3FFCCA05281F205A00BBCA8F /* TicketDetailViewController.swift in Sources */,
				3FFACCB927FF90CF0092CF3D /* LoginViewController.swift in Sources */,
				3FFACCB527FF90CF0092CF3D /* AppDelegate.swift in Sources */,
				3FFACCE527FF99E20092CF3D /* SignupViewController.swift in Sources */,
				3FFACCB727FF90CF0092CF3D /* SceneDelegate.swift in Sources */,
				3FFACCEB27FF9A400092CF3D /* ShowTicketViewController.swift in Sources */,
			);
			runOnlyForDeploymentPostprocessing = 0;
		};
		3FFACCC327FF90D10092CF3D /* Sources */ = {
			isa = PBXSourcesBuildPhase;
			buildActionMask = 2147483647;
			files = (
				3FFACCCC27FF90D10092CF3D /* TicketRaisingAppTests.swift in Sources */,
			);
			runOnlyForDeploymentPostprocessing = 0;
		};
		3FFACCCD27FF90D10092CF3D /* Sources */ = {
			isa = PBXSourcesBuildPhase;
			buildActionMask = 2147483647;
			files = (
				3FFACCD827FF90D10092CF3D /* TicketRaisingAppUITestsLaunchTests.swift in Sources */,
				3FFACCD627FF90D10092CF3D /* TicketRaisingAppUITests.swift in Sources */,
			);
			runOnlyForDeploymentPostprocessing = 0;
		};
/* End PBXSourcesBuildPhase section */

/* Begin PBXTargetDependency section */
		3FFACCC927FF90D10092CF3D /* PBXTargetDependency */ = {
			isa = PBXTargetDependency;
			target = 3FFACCB027FF90CF0092CF3D /* TicketRaisingApp */;
			targetProxy = 3FFACCC827FF90D10092CF3D /* PBXContainerItemProxy */;
		};
		3FFACCD327FF90D10092CF3D /* PBXTargetDependency */ = {
			isa = PBXTargetDependency;
			target = 3FFACCB027FF90CF0092CF3D /* TicketRaisingApp */;
			targetProxy = 3FFACCD227FF90D10092CF3D /* PBXContainerItemProxy */;
		};
/* End PBXTargetDependency section */

/* Begin PBXVariantGroup section */
		3FFACCBA27FF90CF0092CF3D /* Main.storyboard */ = {
			isa = PBXVariantGroup;
			children = (
				3FFACCBB27FF90CF0092CF3D /* Base */,
			);
			name = Main.storyboard;
			sourceTree = "<group>";
		};
		3FFACCBF27FF90D10092CF3D /* LaunchScreen.storyboard */ = {
			isa = PBXVariantGroup;
			children = (
				3FFACCC027FF90D10092CF3D /* Base */,
			);
			name = LaunchScreen.storyboard;
			sourceTree = "<group>";
		};
/* End PBXVariantGroup section */

/* Begin XCBuildConfiguration section */
		3FFACCD927FF90D10092CF3D /* Debug */ = {
			isa = XCBuildConfiguration;
			buildSettings = {
				ALWAYS_SEARCH_USER_PATHS = NO;
				CLANG_ANALYZER_NONNULL = YES;
				CLANG_ANALYZER_NUMBER_OBJECT_CONVERSION = YES_AGGRESSIVE;
				CLANG_CXX_LANGUAGE_STANDARD = "gnu++17";
				CLANG_CXX_LIBRARY = "libc++";
				CLANG_ENABLE_MODULES = YES;
				CLANG_ENABLE_OBJC_ARC = YES;
				CLANG_ENABLE_OBJC_WEAK = YES;
				CLANG_WARN_BLOCK_CAPTURE_AUTORELEASING = YES;
				CLANG_WARN_BOOL_CONVERSION = YES;
				CLANG_WARN_COMMA = YES;
				CLANG_WARN_CONSTANT_CONVERSION = YES;
				CLANG_WARN_DEPRECATED_OBJC_IMPLEMENTATIONS = YES;
				CLANG_WARN_DIRECT_OBJC_ISA_USAGE = YES_ERROR;
				CLANG_WARN_DOCUMENTATION_COMMENTS = YES;
				CLANG_WARN_EMPTY_BODY = YES;
				CLANG_WARN_ENUM_CONVERSION = YES;
				CLANG_WARN_INFINITE_RECURSION = YES;
				CLANG_WARN_INT_CONVERSION = YES;
				CLANG_WARN_NON_LITERAL_NULL_CONVERSION = YES;
				CLANG_WARN_OBJC_IMPLICIT_RETAIN_SELF = YES;
				CLANG_WARN_OBJC_LITERAL_CONVERSION = YES;
				CLANG_WARN_OBJC_ROOT_CLASS = YES_ERROR;
				CLANG_WARN_QUOTED_INCLUDE_IN_FRAMEWORK_HEADER = YES;
				CLANG_WARN_RANGE_LOOP_ANALYSIS = YES;
				CLANG_WARN_STRICT_PROTOTYPES = YES;
				CLANG_WARN_SUSPICIOUS_MOVE = YES;
				CLANG_WARN_UNGUARDED_AVAILABILITY = YES_AGGRESSIVE;
				CLANG_WARN_UNREACHABLE_CODE = YES;
				CLANG_WARN__DUPLICATE_METHOD_MATCH = YES;
				COPY_PHASE_STRIP = NO;
				DEBUG_INFORMATION_FORMAT = dwarf;
				ENABLE_STRICT_OBJC_MSGSEND = YES;
				ENABLE_TESTABILITY = YES;
				GCC_C_LANGUAGE_STANDARD = gnu11;
				GCC_DYNAMIC_NO_PIC = NO;
				GCC_NO_COMMON_BLOCKS = YES;
				GCC_OPTIMIZATION_LEVEL = 0;
				GCC_PREPROCESSOR_DEFINITIONS = (
					"DEBUG=1",
					"$(inherited)",
				);
				GCC_WARN_64_TO_32_BIT_CONVERSION = YES;
				GCC_WARN_ABOUT_RETURN_TYPE = YES_ERROR;
				GCC_WARN_UNDECLARED_SELECTOR = YES;
				GCC_WARN_UNINITIALIZED_AUTOS = YES_AGGRESSIVE;
				GCC_WARN_UNUSED_FUNCTION = YES;
				GCC_WARN_UNUSED_VARIABLE = YES;
				IPHONEOS_DEPLOYMENT_TARGET = 15.2;
				MTL_ENABLE_DEBUG_INFO = INCLUDE_SOURCE;
				MTL_FAST_MATH = YES;
				ONLY_ACTIVE_ARCH = YES;
				SDKROOT = iphoneos;
				SWIFT_ACTIVE_COMPILATION_CONDITIONS = DEBUG;
				SWIFT_OPTIMIZATION_LEVEL = "-Onone";
			};
			name = Debug;
		};
		3FFACCDA27FF90D10092CF3D /* Release */ = {
			isa = XCBuildConfiguration;
			buildSettings = {
				ALWAYS_SEARCH_USER_PATHS = NO;
				CLANG_ANALYZER_NONNULL = YES;
				CLANG_ANALYZER_NUMBER_OBJECT_CONVERSION = YES_AGGRESSIVE;
				CLANG_CXX_LANGUAGE_STANDARD = "gnu++17";
				CLANG_CXX_LIBRARY = "libc++";
				CLANG_ENABLE_MODULES = YES;
				CLANG_ENABLE_OBJC_ARC = YES;
				CLANG_ENABLE_OBJC_WEAK = YES;
				CLANG_WARN_BLOCK_CAPTURE_AUTORELEASING = YES;
				CLANG_WARN_BOOL_CONVERSION = YES;
				CLANG_WARN_COMMA = YES;
				CLANG_WARN_CONSTANT_CONVERSION = YES;
				CLANG_WARN_DEPRECATED_OBJC_IMPLEMENTATIONS = YES;
				CLANG_WARN_DIRECT_OBJC_ISA_USAGE = YES_ERROR;
				CLANG_WARN_DOCUMENTATION_COMMENTS = YES;
				CLANG_WARN_EMPTY_BODY = YES;
				CLANG_WARN_ENUM_CONVERSION = YES;
				CLANG_WARN_INFINITE_RECURSION = YES;
				CLANG_WARN_INT_CONVERSION = YES;
				CLANG_WARN_NON_LITERAL_NULL_CONVERSION = YES;
				CLANG_WARN_OBJC_IMPLICIT_RETAIN_SELF = YES;
				CLANG_WARN_OBJC_LITERAL_CONVERSION = YES;
				CLANG_WARN_OBJC_ROOT_CLASS = YES_ERROR;
				CLANG_WARN_QUOTED_INCLUDE_IN_FRAMEWORK_HEADER = YES;
				CLANG_WARN_RANGE_LOOP_ANALYSIS = YES;
				CLANG_WARN_STRICT_PROTOTYPES = YES;
				CLANG_WARN_SUSPICIOUS_MOVE = YES;
				CLANG_WARN_UNGUARDED_AVAILABILITY = YES_AGGRESSIVE;
				CLANG_WARN_UNREACHABLE_CODE = YES;
				CLANG_WARN__DUPLICATE_METHOD_MATCH = YES;
				COPY_PHASE_STRIP = NO;
				DEBUG_INFORMATION_FORMAT = "dwarf-with-dsym";
				ENABLE_NS_ASSERTIONS = NO;
				ENABLE_STRICT_OBJC_MSGSEND = YES;
				GCC_C_LANGUAGE_STANDARD = gnu11;
				GCC_NO_COMMON_BLOCKS = YES;
				GCC_WARN_64_TO_32_BIT_CONVERSION = YES;
				GCC_WARN_ABOUT_RETURN_TYPE = YES_ERROR;
				GCC_WARN_UNDECLARED_SELECTOR = YES;
				GCC_WARN_UNINITIALIZED_AUTOS = YES_AGGRESSIVE;
				GCC_WARN_UNUSED_FUNCTION = YES;
				GCC_WARN_UNUSED_VARIABLE = YES;
				IPHONEOS_DEPLOYMENT_TARGET = 15.2;
				MTL_ENABLE_DEBUG_INFO = NO;
				MTL_FAST_MATH = YES;
				SDKROOT = iphoneos;
				SWIFT_COMPILATION_MODE = wholemodule;
				SWIFT_OPTIMIZATION_LEVEL = "-O";
				VALIDATE_PRODUCT = YES;
			};
			name = Release;
		};
		3FFACCDC27FF90D10092CF3D /* Debug */ = {
			isa = XCBuildConfiguration;
			buildSettings = {
				ASSETCATALOG_COMPILER_APPICON_NAME = AppIcon;
				ASSETCATALOG_COMPILER_GLOBAL_ACCENT_COLOR_NAME = AccentColor;
				CODE_SIGN_STYLE = Automatic;
				CURRENT_PROJECT_VERSION = 1;
				GENERATE_INFOPLIST_FILE = YES;
				INFOPLIST_FILE = TicketRaisingApp/Info.plist;
				INFOPLIST_KEY_CFBundleDisplayName = TicketRaisingApp;
				INFOPLIST_KEY_UIApplicationSupportsIndirectInputEvents = YES;
				INFOPLIST_KEY_UILaunchStoryboardName = LaunchScreen;
				INFOPLIST_KEY_UIMainStoryboardFile = Main;
				INFOPLIST_KEY_UISupportedInterfaceOrientations_iPad = "UIInterfaceOrientationPortrait UIInterfaceOrientationPortraitUpsideDown UIInterfaceOrientationLandscapeLeft UIInterfaceOrientationLandscapeRight";
				INFOPLIST_KEY_UISupportedInterfaceOrientations_iPhone = "UIInterfaceOrientationPortrait UIInterfaceOrientationLandscapeLeft UIInterfaceOrientationLandscapeRight";
				LD_RUNPATH_SEARCH_PATHS = (
					"$(inherited)",
					"@executable_path/Frameworks",
				);
				MARKETING_VERSION = 1.0;
				PRODUCT_BUNDLE_IDENTIFIER = nwmsu.TicketRaisingApp;
				PRODUCT_NAME = "$(TARGET_NAME)";
				SWIFT_EMIT_LOC_STRINGS = YES;
				SWIFT_VERSION = 5.0;
				TARGETED_DEVICE_FAMILY = "1,2";
			};
			name = Debug;
		};
		3FFACCDD27FF90D10092CF3D /* Release */ = {
			isa = XCBuildConfiguration;
			buildSettings = {
				ASSETCATALOG_COMPILER_APPICON_NAME = AppIcon;
				ASSETCATALOG_COMPILER_GLOBAL_ACCENT_COLOR_NAME = AccentColor;
				CODE_SIGN_STYLE = Automatic;
				CURRENT_PROJECT_VERSION = 1;
				GENERATE_INFOPLIST_FILE = YES;
				INFOPLIST_FILE = TicketRaisingApp/Info.plist;
				INFOPLIST_KEY_CFBundleDisplayName = TicketRaisingApp;
				INFOPLIST_KEY_UIApplicationSupportsIndirectInputEvents = YES;
				INFOPLIST_KEY_UILaunchStoryboardName = LaunchScreen;
				INFOPLIST_KEY_UIMainStoryboardFile = Main;
				INFOPLIST_KEY_UISupportedInterfaceOrientations_iPad = "UIInterfaceOrientationPortrait UIInterfaceOrientationPortraitUpsideDown UIInterfaceOrientationLandscapeLeft UIInterfaceOrientationLandscapeRight";
				INFOPLIST_KEY_UISupportedInterfaceOrientations_iPhone = "UIInterfaceOrientationPortrait UIInterfaceOrientationLandscapeLeft UIInterfaceOrientationLandscapeRight";
				LD_RUNPATH_SEARCH_PATHS = (
					"$(inherited)",
					"@executable_path/Frameworks",
				);
				MARKETING_VERSION = 1.0;
				PRODUCT_BUNDLE_IDENTIFIER = nwmsu.TicketRaisingApp;
				PRODUCT_NAME = "$(TARGET_NAME)";
				SWIFT_EMIT_LOC_STRINGS = YES;
				SWIFT_VERSION = 5.0;
				TARGETED_DEVICE_FAMILY = "1,2";
			};
			name = Release;
		};
		3FFACCDF27FF90D10092CF3D /* Debug */ = {
			isa = XCBuildConfiguration;
			buildSettings = {
				ALWAYS_EMBED_SWIFT_STANDARD_LIBRARIES = YES;
				BUNDLE_LOADER = "$(TEST_HOST)";
				CODE_SIGN_STYLE = Automatic;
				CURRENT_PROJECT_VERSION = 1;
				GENERATE_INFOPLIST_FILE = YES;
				IPHONEOS_DEPLOYMENT_TARGET = 15.2;
				MARKETING_VERSION = 1.0;
				PRODUCT_BUNDLE_IDENTIFIER = nwmsu.TicketRaisingAppTests;
				PRODUCT_NAME = "$(TARGET_NAME)";
				SWIFT_EMIT_LOC_STRINGS = NO;
				SWIFT_VERSION = 5.0;
				TARGETED_DEVICE_FAMILY = "1,2";
				TEST_HOST = "$(BUILT_PRODUCTS_DIR)/TicketRaisingApp.app/TicketRaisingApp";
			};
			name = Debug;
		};
		3FFACCE027FF90D10092CF3D /* Release */ = {
			isa = XCBuildConfiguration;
			buildSettings = {
				ALWAYS_EMBED_SWIFT_STANDARD_LIBRARIES = YES;
				BUNDLE_LOADER = "$(TEST_HOST)";
				CODE_SIGN_STYLE = Automatic;
				CURRENT_PROJECT_VERSION = 1;
				GENERATE_INFOPLIST_FILE = YES;
				IPHONEOS_DEPLOYMENT_TARGET = 15.2;
				MARKETING_VERSION = 1.0;
				PRODUCT_BUNDLE_IDENTIFIER = nwmsu.TicketRaisingAppTests;
				PRODUCT_NAME = "$(TARGET_NAME)";
				SWIFT_EMIT_LOC_STRINGS = NO;
				SWIFT_VERSION = 5.0;
				TARGETED_DEVICE_FAMILY = "1,2";
				TEST_HOST = "$(BUILT_PRODUCTS_DIR)/TicketRaisingApp.app/TicketRaisingApp";
			};
			name = Release;
		};
		3FFACCE227FF90D10092CF3D /* Debug */ = {
			isa = XCBuildConfiguration;
			buildSettings = {
				ALWAYS_EMBED_SWIFT_STANDARD_LIBRARIES = YES;
				CODE_SIGN_STYLE = Automatic;
				CURRENT_PROJECT_VERSION = 1;
				GENERATE_INFOPLIST_FILE = YES;
				MARKETING_VERSION = 1.0;
				PRODUCT_BUNDLE_IDENTIFIER = nwmsu.TicketRaisingAppUITests;
				PRODUCT_NAME = "$(TARGET_NAME)";
				SWIFT_EMIT_LOC_STRINGS = NO;
				SWIFT_VERSION = 5.0;
				TARGETED_DEVICE_FAMILY = "1,2";
				TEST_TARGET_NAME = TicketRaisingApp;
			};
			name = Debug;
		};
		3FFACCE327FF90D10092CF3D /* Release */ = {
			isa = XCBuildConfiguration;
			buildSettings = {
				ALWAYS_EMBED_SWIFT_STANDARD_LIBRARIES = YES;
				CODE_SIGN_STYLE = Automatic;
				CURRENT_PROJECT_VERSION = 1;
				GENERATE_INFOPLIST_FILE = YES;
				MARKETING_VERSION = 1.0;
				PRODUCT_BUNDLE_IDENTIFIER = nwmsu.TicketRaisingAppUITests;
				PRODUCT_NAME = "$(TARGET_NAME)";
				SWIFT_EMIT_LOC_STRINGS = NO;
				SWIFT_VERSION = 5.0;
				TARGETED_DEVICE_FAMILY = "1,2";
				TEST_TARGET_NAME = TicketRaisingApp;
			};
			name = Release;
		};
/* End XCBuildConfiguration section */

/* Begin XCConfigurationList section */
		3FFACCAC27FF90CF0092CF3D /* Build configuration list for PBXProject "TicketRaisingApp" */ = {
			isa = XCConfigurationList;
			buildConfigurations = (
				3FFACCD927FF90D10092CF3D /* Debug */,
				3FFACCDA27FF90D10092CF3D /* Release */,
			);
			defaultConfigurationIsVisible = 0;
			defaultConfigurationName = Release;
		};
		3FFACCDB27FF90D10092CF3D /* Build configuration list for PBXNativeTarget "TicketRaisingApp" */ = {
			isa = XCConfigurationList;
			buildConfigurations = (
				3FFACCDC27FF90D10092CF3D /* Debug */,
				3FFACCDD27FF90D10092CF3D /* Release */,
			);
			defaultConfigurationIsVisible = 0;
			defaultConfigurationName = Release;
		};
		3FFACCDE27FF90D10092CF3D /* Build configuration list for PBXNativeTarget "TicketRaisingAppTests" */ = {
			isa = XCConfigurationList;
			buildConfigurations = (
				3FFACCDF27FF90D10092CF3D /* Debug */,
				3FFACCE027FF90D10092CF3D /* Release */,
			);
			defaultConfigurationIsVisible = 0;
			defaultConfigurationName = Release;
		};
		3FFACCE127FF90D10092CF3D /* Build configuration list for PBXNativeTarget "TicketRaisingAppUITests" */ = {
			isa = XCConfigurationList;
			buildConfigurations = (
				3FFACCE227FF90D10092CF3D /* Debug */,
				3FFACCE327FF90D10092CF3D /* Release */,
			);
			defaultConfigurationIsVisible = 0;
			defaultConfigurationName = Release;
		};
/* End XCConfigurationList section */
	};
	rootObject = 3FFACCA927FF90CF0092CF3D /* Project object */;
}
